{
  "name": "nodebook.chapter-04",
  "version": "1.0.0",
  "lockfileVersion": 1,
  "requires": true,
  "dependencies": {
    "esm": {
      "version": "3.0.6",
      "resolved": "https://registry.npmjs.org/esm/-/esm-3.0.6.tgz",
      "integrity": "sha512-o5eCr/7ZUFk9WTjpgJtD+KzEqyU32i1FIvKfXdwNd5DmalFXTMucbYxgIHiQa6ojG71is8Pn7+cCxdkr6iCtiw=="
    }
  }
}
